
Microsoft Visual Studio Solution File, Format Version 12.00
# Visual Studio Version 17
VisualStudioVersion = 17.13.35931.197 d17.13
MinimumVisualStudioVersion = 10.0.40219.1
Project("{FAE04EC0-301F-11D3-BF4B-00C04F79EFBC}") = "project03_11", "project03_11.csproj", "{11E1D345-8622-4BC5-AFA4-CE9F41812DD4}"
EndProject
Global
	GlobalSection(SolutionConfigurationPlatforms) = preSolution
		Debug|Any CPU = Debug|Any CPU
		Release|Any CPU = Release|Any CPU
	EndGlobalSection
	GlobalSection(ProjectConfigurationPlatforms) = postSolution
		{11E1D345-8622-4BC5-AFA4-CE9F41812DD4}.Debug|Any CPU.ActiveCfg = Debug|Any CPU
		{11E1D345-8622-4BC5-AFA4-CE9F41812DD4}.Debug|Any CPU.Build.0 = Debug|Any CPU
		{11E1D345-8622-4BC5-AFA4-CE9F41812DD4}.Release|Any CPU.ActiveCfg = Release|Any CPU
		{11E1D345-8622-4BC5-AFA4-CE9F41812DD4}.Release|Any CPU.Build.0 = Release|Any CPU
	EndGlobalSection
	GlobalSection(SolutionProperties) = preSolution
		HideSolutionNode = FALSE
	EndGlobalSection
	GlobalSection(ExtensibilityGlobals) = postSolution
		SolutionGuid = {029A5F95-42FD-4DFE-AB15-5500FAF9B7F8}
	EndGlobalSection
EndGlobal
