
Microsoft Visual Studio Solution File, Format Version 12.00
# Visual Studio Version 17
VisualStudioVersion = 17.13.35931.197 d17.13
MinimumVisualStudioVersion = 10.0.40219.1
Project("{FAE04EC0-301F-11D3-BF4B-00C04F79EFBC}") = "project03_2", "project03_2.csproj", "{FAED8F66-2645-42F6-8B37-A47B9309E554}"
EndProject
Global
	GlobalSection(SolutionConfigurationPlatforms) = preSolution
		Debug|Any CPU = Debug|Any CPU
		Release|Any CPU = Release|Any CPU
	EndGlobalSection
	GlobalSection(ProjectConfigurationPlatforms) = postSolution
		{FAED8F66-2645-42F6-8B37-A47B9309E554}.Debug|Any CPU.ActiveCfg = Debug|Any CPU
		{FAED8F66-2645-42F6-8B37-A47B9309E554}.Debug|Any CPU.Build.0 = Debug|Any CPU
		{FAED8F66-2645-42F6-8B37-A47B9309E554}.Release|Any CPU.ActiveCfg = Release|Any CPU
		{FAED8F66-2645-42F6-8B37-A47B9309E554}.Release|Any CPU.Build.0 = Release|Any CPU
	EndGlobalSection
	GlobalSection(SolutionProperties) = preSolution
		HideSolutionNode = FALSE
	EndGlobalSection
	GlobalSection(ExtensibilityGlobals) = postSolution
		SolutionGuid = {86E548BE-9EB9-4E4C-AF03-DC25EFED9C18}
	EndGlobalSection
EndGlobal
