
Microsoft Visual Studio Solution File, Format Version 12.00
# Visual Studio Version 17
VisualStudioVersion = 17.13.35931.197 d17.13
MinimumVisualStudioVersion = 10.0.40219.1
Project("{FAE04EC0-301F-11D3-BF4B-00C04F79EFBC}") = "project03_3", "project03_3.csproj", "{A6A89A26-02C7-4BC9-BF4B-5A8762D38C93}"
EndProject
Global
	GlobalSection(SolutionConfigurationPlatforms) = preSolution
		Debug|Any CPU = Debug|Any CPU
		Release|Any CPU = Release|Any CPU
	EndGlobalSection
	GlobalSection(ProjectConfigurationPlatforms) = postSolution
		{A6A89A26-02C7-4BC9-BF4B-5A8762D38C93}.Debug|Any CPU.ActiveCfg = Debug|Any CPU
		{A6A89A26-02C7-4BC9-BF4B-5A8762D38C93}.Debug|Any CPU.Build.0 = Debug|Any CPU
		{A6A89A26-02C7-4BC9-BF4B-5A8762D38C93}.Release|Any CPU.ActiveCfg = Release|Any CPU
		{A6A89A26-02C7-4BC9-BF4B-5A8762D38C93}.Release|Any CPU.Build.0 = Release|Any CPU
	EndGlobalSection
	GlobalSection(SolutionProperties) = preSolution
		HideSolutionNode = FALSE
	EndGlobalSection
	GlobalSection(ExtensibilityGlobals) = postSolution
		SolutionGuid = {AB085E0D-EC1C-45E2-AAAE-8652C051A760}
	EndGlobalSection
EndGlobal
